<?xml version="1.0" encoding="utf-8"?>
<Project ToolsVersion="4.0" xmlns="http://schemas.microsoft.com/developer/msbuild/2003">
  <ItemGroup>
    <Filter Include="源文件">
      <UniqueIdentifier>{4FC737F1-C7A5-4376-A066-2A32D752A2FF}</UniqueIdentifier>
      <Extensions>cpp;c;cc;cxx;def;odl;idl;hpj;bat;asm;asmx</Extensions>
    </Filter>
    <Filter Include="头文件">
      <UniqueIdentifier>{93995380-89BD-4b04-88EB-625FBE52EBFB}</UniqueIdentifier>
      <Extensions>h;hpp;hxx;hm;inl;inc;xsd</Extensions>
    </Filter>
    <Filter Include="资源文件">
      <UniqueIdentifier>{67DA6AB6-F800-4c08-8B7A-83BB121AAD01}</UniqueIdentifier>
      <Extensions>rc;ico;cur;bmp;dlg;rc2;rct;bin;rgs;gif;jpg;jpeg;jpe;resx;tiff;tif;png;wav;mfcribbon-ms</Extensions>
    </Filter>
  </ItemGroup>
  <ItemGroup>
    <None Include="ReadMe.txt" />
  </ItemGroup>
  <ItemGroup>
    <ClInclude Include="stdafx.h">
      <Filter>头文件</Filter>
    </ClInclude>
    <ClInclude Include="targetver.h">
      <Filter>头文件</Filter>
    </ClInclude>
    <ClInclude Include="gdal\cpl_config.h">
      <Filter>头文件</Filter>
    </ClInclude>
    <ClInclude Include="gdal\cpl_conv.h">
      <Filter>头文件</Filter>
    </ClInclude>
    <ClInclude Include="gdal\cpl_csv.h">
      <Filter>头文件</Filter>
    </ClInclude>
    <ClInclude Include="gdal\cpl_error.h">
      <Filter>头文件</Filter>
    </ClInclude>
    <ClInclude Include="gdal\cpl_hash_set.h">
      <Filter>头文件</Filter>
    </ClInclude>
    <ClInclude Include="gdal\cpl_http.h">
      <Filter>头文件</Filter>
    </ClInclude>
    <ClInclude Include="gdal\cpl_list.h">
      <Filter>头文件</Filter>
    </ClInclude>
    <ClInclude Include="gdal\cpl_minixml.h">
      <Filter>头文件</Filter>
    </ClInclude>
    <ClInclude Include="gdal\cpl_minizip_ioapi.h">
      <Filter>头文件</Filter>
    </ClInclude>
    <ClInclude Include="gdal\cpl_minizip_unzip.h">
      <Filter>头文件</Filter>
    </ClInclude>
    <ClInclude Include="gdal\cpl_multiproc.h">
      <Filter>头文件</Filter>
    </ClInclude>
    <ClInclude Include="gdal\cpl_odbc.h">
      <Filter>头文件</Filter>
    </ClInclude>
    <ClInclude Include="gdal\cpl_port.h">
      <Filter>头文件</Filter>
    </ClInclude>
    <ClInclude Include="gdal\cpl_quad_tree.h">
      <Filter>头文件</Filter>
    </ClInclude>
    <ClInclude Include="gdal\cpl_string.h">
      <Filter>头文件</Filter>
    </ClInclude>
    <ClInclude Include="gdal\cpl_vsi.h">
      <Filter>头文件</Filter>
    </ClInclude>
    <ClInclude Include="gdal\cpl_vsi_virtual.h">
      <Filter>头文件</Filter>
    </ClInclude>
    <ClInclude Include="gdal\cpl_win32ce_api.h">
      <Filter>头文件</Filter>
    </ClInclude>
    <ClInclude Include="gdal\cpl_wince.h">
      <Filter>头文件</Filter>
    </ClInclude>
    <ClInclude Include="gdal\cplkeywordparser.h">
      <Filter>头文件</Filter>
    </ClInclude>
    <ClInclude Include="gdal\gdal.h">
      <Filter>头文件</Filter>
    </ClInclude>
    <ClInclude Include="gdal\gdal_alg.h">
      <Filter>头文件</Filter>
    </ClInclude>
    <ClInclude Include="gdal\gdal_alg_priv.h">
      <Filter>头文件</Filter>
    </ClInclude>
    <ClInclude Include="gdal\gdal_frmts.h">
      <Filter>头文件</Filter>
    </ClInclude>
    <ClInclude Include="gdal\gdal_pam.h">
      <Filter>头文件</Filter>
    </ClInclude>
    <ClInclude Include="gdal\gdal_priv.h">
      <Filter>头文件</Filter>
    </ClInclude>
    <ClInclude Include="gdal\gdal_proxy.h">
      <Filter>头文件</Filter>
    </ClInclude>
    <ClInclude Include="gdal\gdal_rat.h">
      <Filter>头文件</Filter>
    </ClInclude>
    <ClInclude Include="gdal\gdal_version.h">
      <Filter>头文件</Filter>
    </ClInclude>
    <ClInclude Include="gdal\gdal_vrt.h">
      <Filter>头文件</Filter>
    </ClInclude>
    <ClInclude Include="gdal\gdalgrid.h">
      <Filter>头文件</Filter>
    </ClInclude>
    <ClInclude Include="gdal\gdaljp2metadata.h">
      <Filter>头文件</Filter>
    </ClInclude>
    <ClInclude Include="gdal\gdalwarper.h">
      <Filter>头文件</Filter>
    </ClInclude>
    <ClInclude Include="gdal\gvgcpfit.h">
      <Filter>头文件</Filter>
    </ClInclude>
    <ClInclude Include="gdal\memdataset.h">
      <Filter>头文件</Filter>
    </ClInclude>
    <ClInclude Include="gdal\ogr_api.h">
      <Filter>头文件</Filter>
    </ClInclude>
    <ClInclude Include="gdal\ogr_attrind.h">
      <Filter>头文件</Filter>
    </ClInclude>
    <ClInclude Include="gdal\ogr_core.h">
      <Filter>头文件</Filter>
    </ClInclude>
    <ClInclude Include="gdal\ogr_feature.h">
      <Filter>头文件</Filter>
    </ClInclude>
    <ClInclude Include="gdal\ogr_featurestyle.h">
      <Filter>头文件</Filter>
    </ClInclude>
    <ClInclude Include="gdal\ogr_geometry.h">
      <Filter>头文件</Filter>
    </ClInclude>
    <ClInclude Include="gdal\ogr_geos.h">
      <Filter>头文件</Filter>
    </ClInclude>
    <ClInclude Include="gdal\ogr_p.h">
      <Filter>头文件</Filter>
    </ClInclude>
    <ClInclude Include="gdal\ogr_spatialref.h">
      <Filter>头文件</Filter>
    </ClInclude>
    <ClInclude Include="gdal\ogr_srs_api.h">
      <Filter>头文件</Filter>
    </ClInclude>
    <ClInclude Include="gdal\ogrsf_frmts.h">
      <Filter>头文件</Filter>
    </ClInclude>
    <ClInclude Include="gdal\rawdataset.h">
      <Filter>头文件</Filter>
    </ClInclude>
    <ClInclude Include="gdal\swq.h">
      <Filter>头文件</Filter>
    </ClInclude>
    <ClInclude Include="gdal\thinplatespline.h">
      <Filter>头文件</Filter>
    </ClInclude>
    <ClInclude Include="gdal\vrtdataset.h">
      <Filter>头文件</Filter>
    </ClInclude>
    <ClInclude Include="Pic.h">
      <Filter>头文件</Filter>
    </ClInclude>
  </ItemGroup>
  <ItemGroup>
    <ClCompile Include="stdafx.cpp">
      <Filter>源文件</Filter>
    </ClCompile>
    <ClCompile Include="Task3.cpp">
      <Filter>源文件</Filter>
    </ClCompile>
  </ItemGroup>
</Project>